<?xml version="1.0" encoding="UTF-8"?>
<Scheme LastUpgradeVersion="2630" version="1.3">
  <BuildAction parallelizeBuildables="NO" buildImplicitDependencies="YES">
    <BuildActionEntries>
      <BuildActionEntry buildForTesting="YES" buildForRunning="NO" buildForProfiling="NO" buildForArchiving="NO" buildForAnalyzing="YES">
        <BuildableReference BuildableIdentifier="primary" BlueprintIdentifier="A20000000000000000000009" BuildableName="RewardedQaUITests.xctest" BlueprintName="RewardedQaUITests" ReferencedContainer="container:RewardedQaUITests.xcodeproj"/>
      </BuildActionEntry>
    </BuildActionEntries>
  </BuildAction>
  <TestAction buildConfiguration="Debug" shouldUseLaunchSchemeArgsEnv="NO">
    <Testables>
      <TestableReference skipped="NO" parallelizable="NO">
        <BuildableReference BuildableIdentifier="primary" BlueprintIdentifier="A20000000000000000000009" BuildableName="RewardedQaUITests.xctest" BlueprintName="RewardedQaUITests" ReferencedContainer="container:RewardedQaUITests.xcodeproj"/>
      </TestableReference>
    </Testables>
  </TestAction>
  <AnalyzeAction buildConfiguration="Debug"/>
</Scheme>
